{
  "name": "storyblok-content",
  "version": "1.0.0",
  "lockfileVersion": 3,
  "requires": true,
  "packages": {
    "": {
      "name": "storyblok-content",
      "version": "1.0.0",
      "license": "MIT",
      "dependencies": {
        "pure-parse": "^0.0.0-beta.5"
      },
      "devDependencies": {
        "prettier": "^3.3.3"
      }
    },
    "../pure-parse/packages/pure-parse": {
      "version": "0.0.0-beta.5",
      "license": "MIT",
      "workspaces": [
        "packages/*"
      ],
      "devDependencies": {
        "@egjs/flicking-plugins": "^4.7.1",
        "@egjs/vue3-flicking": "^4.11.4",
        "highlight.js": "^11.10.0",
        "prettier": "3.1.0",
        "sass-embedded": "^1.79.4",
        "typedoc": "^0.26.8",
        "typedoc-plugin-markdown": "^4.2.9",
        "typedoc-vitepress-theme": "^1.0.2",
        "typescript": "^5.5.4",
        "vite": "^5.4.8",
        "vite-bundle-visualizer": "^1.2.1",
        "vite-plugin-dts": "^4.2.3",
        "vitepress": "^1.4.0",
        "vitest": "0.34.6"
      }
    },
    "node_modules/prettier": {
      "version": "3.3.3",
      "resolved": "https://registry.npmjs.org/prettier/-/prettier-3.3.3.tgz",
      "integrity": "sha512-i2tDNA0O5IrMO757lfrdQZCc2jPNDVntV0m/+4whiDfWaTKfMNgR7Qz0NAeGz/nRqF4m5/6CLzbP4/liHt12Ew==",
      "dev": true,
      "license": "MIT",
      "bin": {
        "prettier": "bin/prettier.cjs"
      },
      "engines": {
        "node": ">=14"
      },
      "funding": {
        "url": "https://github.com/prettier/prettier?sponsor=1"
      }
    },
    "node_modules/pure-parse": {
      "resolved": "../pure-parse/packages/pure-parse",
      "link": true
    }
  }
}
